
Microsoft Visual Studio Solution File, Format Version 12.00
# Visual Studio 2013
VisualStudioVersion = 12.0.31101.0
MinimumVisualStudioVersion = 10.0.40219.1
Project("{FAE04EC0-301F-11D3-BF4B-00C04F79EFBC}") = "ShowMeNow.API", "ShowMeNow.API\ShowMeNow.API.csproj", "{23DFCFD5-B158-4C0D-9C31-5E9CB64C64CF}"
EndProject
Project("{FAE04EC0-301F-11D3-BF4B-00C04F79EFBC}") = "ShowMeNow.Web", "ShowMeNow.Web\ShowMeNow.Web.csproj", "{E4156422-2684-4222-95C2-4B9AE4CBA7E3}"
EndProject
Project("{FAE04EC0-301F-11D3-BF4B-00C04F79EFBC}") = "ShowMeNow.ResourceServer", "ShowMeNow.ResourceServer\ShowMeNow.ResourceServer.csproj", "{69BC6280-CF91-409C-81BF-28B95417ACBF}"
EndProject
Project("{FAE04EC0-301F-11D3-BF4B-00C04F79EFBC}") = "ShowMeNow.API.Test", "ShowMeNow.API.Test\ShowMeNow.API.Test.csproj", "{2C77C60D-80CB-465A-BA08-8E0822A88F2E}"
EndProject
Project("{FAE04EC0-301F-11D3-BF4B-00C04F79EFBC}") = "ShowMeNow.WebService", "ShowMeNow.WebService\ShowMeNow.WebService.csproj", "{B7C88726-87F8-486A-8812-042EB1FAE49E}"
EndProject
Project("{FAE04EC0-301F-11D3-BF4B-00C04F79EFBC}") = "ShowMeNow.WebService.Tests", "ShowMeNow.WebService.Tests\ShowMeNow.WebService.Tests.csproj", "{C0031357-ADE7-460B-9D38-A0C31D25B881}"
EndProject
Global
	GlobalSection(SolutionConfigurationPlatforms) = preSolution
		Debug|Any CPU = Debug|Any CPU
		Release|Any CPU = Release|Any CPU
	EndGlobalSection
	GlobalSection(ProjectConfigurationPlatforms) = postSolution
		{23DFCFD5-B158-4C0D-9C31-5E9CB64C64CF}.Debug|Any CPU.ActiveCfg = Debug|Any CPU
		{23DFCFD5-B158-4C0D-9C31-5E9CB64C64CF}.Debug|Any CPU.Build.0 = Debug|Any CPU
		{23DFCFD5-B158-4C0D-9C31-5E9CB64C64CF}.Release|Any CPU.ActiveCfg = Release|Any CPU
		{23DFCFD5-B158-4C0D-9C31-5E9CB64C64CF}.Release|Any CPU.Build.0 = Release|Any CPU
		{E4156422-2684-4222-95C2-4B9AE4CBA7E3}.Debug|Any CPU.ActiveCfg = Debug|Any CPU
		{E4156422-2684-4222-95C2-4B9AE4CBA7E3}.Debug|Any CPU.Build.0 = Debug|Any CPU
		{E4156422-2684-4222-95C2-4B9AE4CBA7E3}.Release|Any CPU.ActiveCfg = Release|Any CPU
		{E4156422-2684-4222-95C2-4B9AE4CBA7E3}.Release|Any CPU.Build.0 = Release|Any CPU
		{69BC6280-CF91-409C-81BF-28B95417ACBF}.Debug|Any CPU.ActiveCfg = Debug|Any CPU
		{69BC6280-CF91-409C-81BF-28B95417ACBF}.Debug|Any CPU.Build.0 = Debug|Any CPU
		{69BC6280-CF91-409C-81BF-28B95417ACBF}.Release|Any CPU.ActiveCfg = Release|Any CPU
		{69BC6280-CF91-409C-81BF-28B95417ACBF}.Release|Any CPU.Build.0 = Release|Any CPU
		{2C77C60D-80CB-465A-BA08-8E0822A88F2E}.Debug|Any CPU.ActiveCfg = Debug|Any CPU
		{2C77C60D-80CB-465A-BA08-8E0822A88F2E}.Debug|Any CPU.Build.0 = Debug|Any CPU
		{2C77C60D-80CB-465A-BA08-8E0822A88F2E}.Release|Any CPU.ActiveCfg = Release|Any CPU
		{2C77C60D-80CB-465A-BA08-8E0822A88F2E}.Release|Any CPU.Build.0 = Release|Any CPU
		{B7C88726-87F8-486A-8812-042EB1FAE49E}.Debug|Any CPU.ActiveCfg = Debug|Any CPU
		{B7C88726-87F8-486A-8812-042EB1FAE49E}.Debug|Any CPU.Build.0 = Debug|Any CPU
		{B7C88726-87F8-486A-8812-042EB1FAE49E}.Release|Any CPU.ActiveCfg = Release|Any CPU
		{B7C88726-87F8-486A-8812-042EB1FAE49E}.Release|Any CPU.Build.0 = Release|Any CPU
		{C0031357-ADE7-460B-9D38-A0C31D25B881}.Debug|Any CPU.ActiveCfg = Debug|Any CPU
		{C0031357-ADE7-460B-9D38-A0C31D25B881}.Debug|Any CPU.Build.0 = Debug|Any CPU
		{C0031357-ADE7-460B-9D38-A0C31D25B881}.Release|Any CPU.ActiveCfg = Release|Any CPU
		{C0031357-ADE7-460B-9D38-A0C31D25B881}.Release|Any CPU.Build.0 = Release|Any CPU
	EndGlobalSection
	GlobalSection(SolutionProperties) = preSolution
		HideSolutionNode = FALSE
	EndGlobalSection
EndGlobal
